
Microsoft Visual Studio Solution File, Format Version 12.00
# Visual Studio 15
VisualStudioVersion = 15.0.25914.0
MinimumVisualStudioVersion = 10.0.40219.1
Project("{262852C6-CD72-467D-83FE-5EEB1973A190}") = "WondrousBadi", "WondrousBadi\WondrousBadi.jsproj", "{2944F4B0-16FA-4818-8295-EA74EBCBDA31}"
EndProject
Project("{2150E333-8FDC-42A3-9474-1A3956D46DE8}") = "Solution Items", "Solution Items", "{67F473D9-3302-4EFA-BC74-489D878E53A0}"
	ProjectSection(SolutionItems) = preProject
		.gitignore = .gitignore
	EndProjectSection
EndProject
Global
	GlobalSection(SolutionConfigurationPlatforms) = preSolution
		Debug|Android = Debug|Android
		Debug|iOS = Debug|iOS
		Debug|Windows-ARM = Debug|Windows-ARM
		Debug|Windows-x64 = Debug|Windows-x64
		Debug|Windows-x86 = Debug|Windows-x86
		Release|Android = Release|Android
		Release|iOS = Release|iOS
		Release|Windows-ARM = Release|Windows-ARM
		Release|Windows-x64 = Release|Windows-x64
		Release|Windows-x86 = Release|Windows-x86
	EndGlobalSection
	GlobalSection(ProjectConfigurationPlatforms) = postSolution
		{2944F4B0-16FA-4818-8295-EA74EBCBDA31}.Debug|Android.ActiveCfg = Debug|Android
		{2944F4B0-16FA-4818-8295-EA74EBCBDA31}.Debug|Android.Build.0 = Debug|Android
		{2944F4B0-16FA-4818-8295-EA74EBCBDA31}.Debug|Android.Deploy.0 = Debug|Android
		{2944F4B0-16FA-4818-8295-EA74EBCBDA31}.Debug|iOS.ActiveCfg = Debug|iOS
		{2944F4B0-16FA-4818-8295-EA74EBCBDA31}.Debug|iOS.Build.0 = Debug|iOS
		{2944F4B0-16FA-4818-8295-EA74EBCBDA31}.Debug|iOS.Deploy.0 = Debug|iOS
		{2944F4B0-16FA-4818-8295-EA74EBCBDA31}.Debug|Windows-ARM.ActiveCfg = Debug|Windows-ARM
		{2944F4B0-16FA-4818-8295-EA74EBCBDA31}.Debug|Windows-ARM.Build.0 = Debug|Windows-ARM
		{2944F4B0-16FA-4818-8295-EA74EBCBDA31}.Debug|Windows-ARM.Deploy.0 = Debug|Windows-ARM
		{2944F4B0-16FA-4818-8295-EA74EBCBDA31}.Debug|Windows-x64.ActiveCfg = Debug|Windows-x64
		{2944F4B0-16FA-4818-8295-EA74EBCBDA31}.Debug|Windows-x64.Build.0 = Debug|Windows-x64
		{2944F4B0-16FA-4818-8295-EA74EBCBDA31}.Debug|Windows-x64.Deploy.0 = Debug|Windows-x64
		{2944F4B0-16FA-4818-8295-EA74EBCBDA31}.Debug|Windows-x86.ActiveCfg = Debug|Windows-x86
		{2944F4B0-16FA-4818-8295-EA74EBCBDA31}.Debug|Windows-x86.Build.0 = Debug|Windows-x86
		{2944F4B0-16FA-4818-8295-EA74EBCBDA31}.Debug|Windows-x86.Deploy.0 = Debug|Windows-x86
		{2944F4B0-16FA-4818-8295-EA74EBCBDA31}.Release|Android.ActiveCfg = Release|Android
		{2944F4B0-16FA-4818-8295-EA74EBCBDA31}.Release|Android.Build.0 = Release|Android
		{2944F4B0-16FA-4818-8295-EA74EBCBDA31}.Release|Android.Deploy.0 = Release|Android
		{2944F4B0-16FA-4818-8295-EA74EBCBDA31}.Release|iOS.ActiveCfg = Release|iOS
		{2944F4B0-16FA-4818-8295-EA74EBCBDA31}.Release|iOS.Build.0 = Release|iOS
		{2944F4B0-16FA-4818-8295-EA74EBCBDA31}.Release|iOS.Deploy.0 = Release|iOS
		{2944F4B0-16FA-4818-8295-EA74EBCBDA31}.Release|Windows-ARM.ActiveCfg = Release|Windows-ARM
		{2944F4B0-16FA-4818-8295-EA74EBCBDA31}.Release|Windows-ARM.Build.0 = Release|Windows-ARM
		{2944F4B0-16FA-4818-8295-EA74EBCBDA31}.Release|Windows-ARM.Deploy.0 = Release|Windows-ARM
		{2944F4B0-16FA-4818-8295-EA74EBCBDA31}.Release|Windows-x64.ActiveCfg = Release|Windows-x64
		{2944F4B0-16FA-4818-8295-EA74EBCBDA31}.Release|Windows-x64.Build.0 = Release|Windows-x64
		{2944F4B0-16FA-4818-8295-EA74EBCBDA31}.Release|Windows-x64.Deploy.0 = Release|Windows-x64
		{2944F4B0-16FA-4818-8295-EA74EBCBDA31}.Release|Windows-x86.ActiveCfg = Release|Windows-x86
		{2944F4B0-16FA-4818-8295-EA74EBCBDA31}.Release|Windows-x86.Build.0 = Release|Windows-x86
		{2944F4B0-16FA-4818-8295-EA74EBCBDA31}.Release|Windows-x86.Deploy.0 = Release|Windows-x86
	EndGlobalSection
	GlobalSection(SolutionProperties) = preSolution
		HideSolutionNode = FALSE
	EndGlobalSection
EndGlobal
